{"is_source_file": false, "format": "", "description": "", "external_files": [], "external_methods": [], "published": [], "classes": [], "methods": [], "calls": [], "search-terms": [], "state": 2, "file_id": 9, "knowledge_revision": 25, "git_revision": "fbf362c3eb3c8d266671e1a4c7037168763d3981", "hash": "9c4ed7ef73e22b872b8055bec08b8979", "format-version": 4, "code-base-name": "default", "filename": "tripfusion_main_container/post_process_status.lock", "revision_history": [{"25": "fbf362c3eb3c8d266671e1a4c7037168763d3981"}]}